// !$*UTF8*$!
{
	archiveVersion = 1;
	classes = {
	};
	objectVersion = 50;
	objects = {

/* Begin PBXBuildFile section */
		7F430FF38A9CE76D3174F284 /* Pods_SingletonAudioManager.framework in Frameworks */ = {isa = PBXBuildFile; fileRef = 14C2FBC7ADA9B280B19D4B4C /* Pods_SingletonAudioManager.framework */; };
		FC087F6A2105DD0500EA091D /* AppDelegate.swift in Sources */ = {isa = PBXBuildFile; fileRef = FC087F692105DD0500EA091D /* AppDelegate.swift */; };
		FC087F6C2105DD0500EA091D /* ViewController.swift in Sources */ = {isa = PBXBuildFile; fileRef = FC087F6B2105DD0500EA091D /* ViewController.swift */; };
		FC087F6F2105DD0500EA091D /* Main.storyboard in Resources */ = {isa = PBXBuildFile; fileRef = FC087F6D2105DD0500EA091D /* Main.storyboard */; };
		FC087F712105DD0600EA091D /* Assets.xcassets in Resources */ = {isa = PBXBuildFile; fileRef = FC087F702105DD0600EA091D /* Assets.xcassets */; };
		FC087F742105DD0600EA091D /* LaunchScreen.storyboard in Resources */ = {isa = PBXBuildFile; fileRef = FC087F722105DD0600EA091D /* LaunchScreen.storyboard */; };
		FC087F7C2105DD2200EA091D /* AudioManager.swift in Sources */ = {isa = PBXBuildFile; fileRef = FC087F7B2105DD2200EA091D /* AudioManager.swift */; };
		FC087F7E2105DDE900EA091D /* Notification.name+Custom.swift in Sources */ = {isa = PBXBuildFile; fileRef = FC087F7D2105DDE900EA091D /* Notification.name+Custom.swift */; };
/* End PBXBuildFile section */

/* Begin PBXFileReference section */
		14C2FBC7ADA9B280B19D4B4C /* Pods_SingletonAudioManager.framework */ = {isa = PBXFileReference; explicitFileType = wrapper.framework; includeInIndex = 0; path = Pods_SingletonAudioManager.framework; sourceTree = BUILT_PRODUCTS_DIR; };
		541EFC4E27B0012037974192 /* Pods-SingletonAudioManager.release.xcconfig */ = {isa = PBXFileReference; includeInIndex = 1; lastKnownFileType = text.xcconfig; name = "Pods-SingletonAudioManager.release.xcconfig"; path = "Pods/Target Support Files/Pods-SingletonAudioManager/Pods-SingletonAudioManager.release.xcconfig"; sourceTree = "<group>"; };
		C4AE609F4D59A36936CF306C /* Pods-SingletonAudioManager.debug.xcconfig */ = {isa = PBXFileReference; includeInIndex = 1; lastKnownFileType = text.xcconfig; name = "Pods-SingletonAudioManager.debug.xcconfig"; path = "Pods/Target Support Files/Pods-SingletonAudioManager/Pods-SingletonAudioManager.debug.xcconfig"; sourceTree = "<group>"; };
		FC087F662105DD0500EA091D /* SingletonAudioManager.app */ = {isa = PBXFileReference; explicitFileType = wrapper.application; includeInIndex = 0; path = SingletonAudioManager.app; sourceTree = BUILT_PRODUCTS_DIR; };
		FC087F692105DD0500EA091D /* AppDelegate.swift */ = {isa = PBXFileReference; lastKnownFileType = sourcecode.swift; path = AppDelegate.swift; sourceTree = "<group>"; };
		FC087F6B2105DD0500EA091D /* ViewController.swift */ = {isa = PBXFileReference; lastKnownFileType = sourcecode.swift; path = ViewController.swift; sourceTree = "<group>"; };
		FC087F6E2105DD0500EA091D /* Base */ = {isa = PBXFileReference; lastKnownFileType = file.storyboard; name = Base; path = Base.lproj/Main.storyboard; sourceTree = "<group>"; };
		FC087F702105DD0600EA091D /* Assets.xcassets */ = {isa = PBXFileReference; lastKnownFileType = folder.assetcatalog; path = Assets.xcassets; sourceTree = "<group>"; };
		FC087F732105DD0600EA091D /* Base */ = {isa = PBXFileReference; lastKnownFileType = file.storyboard; name = Base; path = Base.lproj/LaunchScreen.storyboard; sourceTree = "<group>"; };
		FC087F752105DD0600EA091D /* Info.plist */ = {isa = PBXFileReference; lastKnownFileType = text.plist.xml; path = Info.plist; sourceTree = "<group>"; };
		FC087F7B2105DD2200EA091D /* AudioManager.swift */ = {isa = PBXFileReference; lastKnownFileType = sourcecode.swift; path = AudioManager.swift; sourceTree = "<group>"; };
		FC087F7D2105DDE900EA091D /* Notification.name+Custom.swift */ = {isa = PBXFileReference; lastKnownFileType = sourcecode.swift; path = "Notification.name+Custom.swift"; sourceTree = "<group>"; };
/* End PBXFileReference section */

/* Begin PBXFrameworksBuildPhase section */
		FC087F632105DD0500EA091D /* Frameworks */ = {
			isa = PBXFrameworksBuildPhase;
			buildActionMask = 2147483647;
			files = (
				7F430FF38A9CE76D3174F284 /* Pods_SingletonAudioManager.framework in Frameworks */,
			);
			runOnlyForDeploymentPostprocessing = 0;
		};
/* End PBXFrameworksBuildPhase section */

/* Begin PBXGroup section */
		2FF4253A6329ACE2A10CC359 /* Frameworks */ = {
			isa = PBXGroup;
			children = (
				14C2FBC7ADA9B280B19D4B4C /* Pods_SingletonAudioManager.framework */,
			);
			name = Frameworks;
			sourceTree = "<group>";
		};
		348360760056183880AB2D31 /* Pods */ = {
			isa = PBXGroup;
			children = (
				C4AE609F4D59A36936CF306C /* Pods-SingletonAudioManager.debug.xcconfig */,
				541EFC4E27B0012037974192 /* Pods-SingletonAudioManager.release.xcconfig */,
			);
			name = Pods;
			sourceTree = "<group>";
		};
		FC087F5D2105DD0500EA091D = {
			isa = PBXGroup;
			children = (
				FC087F682105DD0500EA091D /* SingletonAudioManager */,
				FC087F672105DD0500EA091D /* Products */,
				348360760056183880AB2D31 /* Pods */,
				2FF4253A6329ACE2A10CC359 /* Frameworks */,
			);
			sourceTree = "<group>";
		};
		FC087F672105DD0500EA091D /* Products */ = {
			isa = PBXGroup;
			children = (
				FC087F662105DD0500EA091D /* SingletonAudioManager.app */,
			);
			name = Products;
			sourceTree = "<group>";
		};
		FC087F682105DD0500EA091D /* SingletonAudioManager */ = {
			isa = PBXGroup;
			children = (
				FC087F692105DD0500EA091D /* AppDelegate.swift */,
				FC087F6B2105DD0500EA091D /* ViewController.swift */,
				FC087F6D2105DD0500EA091D /* Main.storyboard */,
				FC087F702105DD0600EA091D /* Assets.xcassets */,
				FC087F722105DD0600EA091D /* LaunchScreen.storyboard */,
				FC087F752105DD0600EA091D /* Info.plist */,
				FC087F7B2105DD2200EA091D /* AudioManager.swift */,
				FC087F7D2105DDE900EA091D /* Notification.name+Custom.swift */,
			);
			path = SingletonAudioManager;
			sourceTree = "<group>";
		};
/* End PBXGroup section */

/* Begin PBXNativeTarget section */
		FC087F652105DD0500EA091D /* SingletonAudioManager */ = {
			isa = PBXNativeTarget;
			buildConfigurationList = FC087F782105DD0600EA091D /* Build configuration list for PBXNativeTarget "SingletonAudioManager" */;
			buildPhases = (
				A2C7E5B612BF8937A4A4E21B /* [CP] Check Pods Manifest.lock */,
				FC087F622105DD0500EA091D /* Sources */,
				FC087F632105DD0500EA091D /* Frameworks */,
				FC087F642105DD0500EA091D /* Resources */,
			);
			buildRules = (
			);
			dependencies = (
			);
			name = SingletonAudioManager;
			productName = SingletonAudioManager;
			productReference = FC087F662105DD0500EA091D /* SingletonAudioManager.app */;
			productType = "com.apple.product-type.application";
		};
/* End PBXNativeTarget section */

/* Begin PBXProject section */
		FC087F5E2105DD0500EA091D /* Project object */ = {
			isa = PBXProject;
			attributes = {
				LastSwiftUpdateCheck = 0940;
				LastUpgradeCheck = 0940;
				ORGANIZATIONNAME = "이광용";
				TargetAttributes = {
					FC087F652105DD0500EA091D = {
						CreatedOnToolsVersion = 9.4.1;
					};
				};
			};
			buildConfigurationList = FC087F612105DD0500EA091D /* Build configuration list for PBXProject "SingletonAudioManager" */;
			compatibilityVersion = "Xcode 9.3";
			developmentRegion = en;
			hasScannedForEncodings = 0;
			knownRegions = (
				en,
				Base,
			);
			mainGroup = FC087F5D2105DD0500EA091D;
			productRefGroup = FC087F672105DD0500EA091D /* Products */;
			projectDirPath = "";
			projectRoot = "";
			targets = (
				FC087F652105DD0500EA091D /* SingletonAudioManager */,
			);
		};
/* End PBXProject section */

/* Begin PBXResourcesBuildPhase section */
		FC087F642105DD0500EA091D /* Resources */ = {
			isa = PBXResourcesBuildPhase;
			buildActionMask = 2147483647;
			files = (
				FC087F742105DD0600EA091D /* LaunchScreen.storyboard in Resources */,
				FC087F712105DD0600EA091D /* Assets.xcassets in Resources */,
				FC087F6F2105DD0500EA091D /* Main.storyboard in Resources */,
			);
			runOnlyForDeploymentPostprocessing = 0;
		};
/* End PBXResourcesBuildPhase section */

/* Begin PBXShellScriptBuildPhase section */
		A2C7E5B612BF8937A4A4E21B /* [CP] Check Pods Manifest.lock */ = {
			isa = PBXShellScriptBuildPhase;
			buildActionMask = 2147483647;
			files = (
			);
			inputPaths = (
				"${PODS_PODFILE_DIR_PATH}/Podfile.lock",
				"${PODS_ROOT}/Manifest.lock",
			);
			name = "[CP] Check Pods Manifest.lock";
			outputPaths = (
				"$(DERIVED_FILE_DIR)/Pods-SingletonAudioManager-checkManifestLockResult.txt",
			);
			runOnlyForDeploymentPostprocessing = 0;
			shellPath = /bin/sh;
			shellScript = "diff \"${PODS_PODFILE_DIR_PATH}/Podfile.lock\" \"${PODS_ROOT}/Manifest.lock\" > /dev/null\nif [ $? != 0 ] ; then\n    # print error to STDERR\n    echo \"error: The sandbox is not in sync with the Podfile.lock. Run 'pod install' or update your CocoaPods installation.\" >&2\n    exit 1\nfi\n# This output is used by Xcode 'outputs' to avoid re-running this script phase.\necho \"SUCCESS\" > \"${SCRIPT_OUTPUT_FILE_0}\"\n";
			showEnvVarsInLog = 0;
		};
/* End PBXShellScriptBuildPhase section */

/* Begin PBXSourcesBuildPhase section */
		FC087F622105DD0500EA091D /* Sources */ = {
			isa = PBXSourcesBuildPhase;
			buildActionMask = 2147483647;
			files = (
				FC087F7C2105DD2200EA091D /* AudioManager.swift in Sources */,
				FC087F7E2105DDE900EA091D /* Notification.name+Custom.swift in Sources */,
				FC087F6C2105DD0500EA091D /* ViewController.swift in Sources */,
				FC087F6A2105DD0500EA091D /* AppDelegate.swift in Sources */,
			);
			runOnlyForDeploymentPostprocessing = 0;
		};
/* End PBXSourcesBuildPhase section */

/* Begin PBXVariantGroup section */
		FC087F6D2105DD0500EA091D /* Main.storyboard */ = {
			isa = PBXVariantGroup;
			children = (
				FC087F6E2105DD0500EA091D /* Base */,
			);
			name = Main.storyboard;
			sourceTree = "<group>";
		};
		FC087F722105DD0600EA091D /* LaunchScreen.storyboard */ = {
			isa = PBXVariantGroup;
			children = (
				FC087F732105DD0600EA091D /* Base */,
			);
			name = LaunchScreen.storyboard;
			sourceTree = "<group>";
		};
/* End PBXVariantGroup section */

/* Begin XCBuildConfiguration section */
		FC087F762105DD0600EA091D /* Debug */ = {
			isa = XCBuildConfiguration;
			buildSettings = {
				ALWAYS_SEARCH_USER_PATHS = NO;
				CLANG_ANALYZER_NONNULL = YES;
				CLANG_ANALYZER_NUMBER_OBJECT_CONVERSION = YES_AGGRESSIVE;
				CLANG_CXX_LANGUAGE_STANDARD = "gnu++14";
				CLANG_CXX_LIBRARY = "libc++";
				CLANG_ENABLE_MODULES = YES;
				CLANG_ENABLE_OBJC_ARC = YES;
				CLANG_ENABLE_OBJC_WEAK = YES;
				CLANG_WARN_BLOCK_CAPTURE_AUTORELEASING = YES;
				CLANG_WARN_BOOL_CONVERSION = YES;
				CLANG_WARN_COMMA = YES;
				CLANG_WARN_CONSTANT_CONVERSION = YES;
				CLANG_WARN_DEPRECATED_OBJC_IMPLEMENTATIONS = YES;
				CLANG_WARN_DIRECT_OBJC_ISA_USAGE = YES_ERROR;
				CLANG_WARN_DOCUMENTATION_COMMENTS = YES;
				CLANG_WARN_EMPTY_BODY = YES;
				CLANG_WARN_ENUM_CONVERSION = YES;
				CLANG_WARN_INFINITE_RECURSION = YES;
				CLANG_WARN_INT_CONVERSION = YES;
				CLANG_WARN_NON_LITERAL_NULL_CONVERSION = YES;
				CLANG_WARN_OBJC_IMPLICIT_RETAIN_SELF = YES;
				CLANG_WARN_OBJC_LITERAL_CONVERSION = YES;
				CLANG_WARN_OBJC_ROOT_CLASS = YES_ERROR;
				CLANG_WARN_RANGE_LOOP_ANALYSIS = YES;
				CLANG_WARN_STRICT_PROTOTYPES = YES;
				CLANG_WARN_SUSPICIOUS_MOVE = YES;
				CLANG_WARN_UNGUARDED_AVAILABILITY = YES_AGGRESSIVE;
				CLANG_WARN_UNREACHABLE_CODE = YES;
				CLANG_WARN__DUPLICATE_METHOD_MATCH = YES;
				CODE_SIGN_IDENTITY = "iPhone Developer";
				COPY_PHASE_STRIP = NO;
				DEBUG_INFORMATION_FORMAT = dwarf;
				ENABLE_STRICT_OBJC_MSGSEND = YES;
				ENABLE_TESTABILITY = YES;
				GCC_C_LANGUAGE_STANDARD = gnu11;
				GCC_DYNAMIC_NO_PIC = NO;
				GCC_NO_COMMON_BLOCKS = YES;
				GCC_OPTIMIZATION_LEVEL = 0;
				GCC_PREPROCESSOR_DEFINITIONS = (
					"DEBUG=1",
					"$(inherited)",
				);
				GCC_WARN_64_TO_32_BIT_CONVERSION = YES;
				GCC_WARN_ABOUT_RETURN_TYPE = YES_ERROR;
				GCC_WARN_UNDECLARED_SELECTOR = YES;
				GCC_WARN_UNINITIALIZED_AUTOS = YES_AGGRESSIVE;
				GCC_WARN_UNUSED_FUNCTION = YES;
				GCC_WARN_UNUSED_VARIABLE = YES;
				IPHONEOS_DEPLOYMENT_TARGET = 11.4;
				MTL_ENABLE_DEBUG_INFO = YES;
				ONLY_ACTIVE_ARCH = YES;
				SDKROOT = iphoneos;
				SWIFT_ACTIVE_COMPILATION_CONDITIONS = DEBUG;
				SWIFT_OPTIMIZATION_LEVEL = "-Onone";
			};
			name = Debug;
		};
		FC087F772105DD0600EA091D /* Release */ = {
			isa = XCBuildConfiguration;
			buildSettings = {
				ALWAYS_SEARCH_USER_PATHS = NO;
				CLANG_ANALYZER_NONNULL = YES;
				CLANG_ANALYZER_NUMBER_OBJECT_CONVERSION = YES_AGGRESSIVE;
				CLANG_CXX_LANGUAGE_STANDARD = "gnu++14";
				CLANG_CXX_LIBRARY = "libc++";
				CLANG_ENABLE_MODULES = YES;
				CLANG_ENABLE_OBJC_ARC = YES;
				CLANG_ENABLE_OBJC_WEAK = YES;
				CLANG_WARN_BLOCK_CAPTURE_AUTORELEASING = YES;
				CLANG_WARN_BOOL_CONVERSION = YES;
				CLANG_WARN_COMMA = YES;
				CLANG_WARN_CONSTANT_CONVERSION = YES;
				CLANG_WARN_DEPRECATED_OBJC_IMPLEMENTATIONS = YES;
				CLANG_WARN_DIRECT_OBJC_ISA_USAGE = YES_ERROR;
				CLANG_WARN_DOCUMENTATION_COMMENTS = YES;
				CLANG_WARN_EMPTY_BODY = YES;
				CLANG_WARN_ENUM_CONVERSION = YES;
				CLANG_WARN_INFINITE_RECURSION = YES;
				CLANG_WARN_INT_CONVERSION = YES;
				CLANG_WARN_NON_LITERAL_NULL_CONVERSION = YES;
				CLANG_WARN_OBJC_IMPLICIT_RETAIN_SELF = YES;
				CLANG_WARN_OBJC_LITERAL_CONVERSION = YES;
				CLANG_WARN_OBJC_ROOT_CLASS = YES_ERROR;
				CLANG_WARN_RANGE_LOOP_ANALYSIS = YES;
				CLANG_WARN_STRICT_PROTOTYPES = YES;
				CLANG_WARN_SUSPICIOUS_MOVE = YES;
				CLANG_WARN_UNGUARDED_AVAILABILITY = YES_AGGRESSIVE;
				CLANG_WARN_UNREACHABLE_CODE = YES;
				CLANG_WARN__DUPLICATE_METHOD_MATCH = YES;
				CODE_SIGN_IDENTITY = "iPhone Developer";
				COPY_PHASE_STRIP = NO;
				DEBUG_INFORMATION_FORMAT = "dwarf-with-dsym";
				ENABLE_NS_ASSERTIONS = NO;
				ENABLE_STRICT_OBJC_MSGSEND = YES;
				GCC_C_LANGUAGE_STANDARD = gnu11;
				GCC_NO_COMMON_BLOCKS = YES;
				GCC_WARN_64_TO_32_BIT_CONVERSION = YES;
				GCC_WARN_ABOUT_RETURN_TYPE = YES_ERROR;
				GCC_WARN_UNDECLARED_SELECTOR = YES;
				GCC_WARN_UNINITIALIZED_AUTOS = YES_AGGRESSIVE;
				GCC_WARN_UNUSED_FUNCTION = YES;
				GCC_WARN_UNUSED_VARIABLE = YES;
				IPHONEOS_DEPLOYMENT_TARGET = 11.4;
				MTL_ENABLE_DEBUG_INFO = NO;
				SDKROOT = iphoneos;
				SWIFT_COMPILATION_MODE = wholemodule;
				SWIFT_OPTIMIZATION_LEVEL = "-O";
				VALIDATE_PRODUCT = YES;
			};
			name = Release;
		};
		FC087F792105DD0600EA091D /* Debug */ = {
			isa = XCBuildConfiguration;
			baseConfigurationReference = C4AE609F4D59A36936CF306C /* Pods-SingletonAudioManager.debug.xcconfig */;
			buildSettings = {
				ASSETCATALOG_COMPILER_APPICON_NAME = AppIcon;
				CODE_SIGN_STYLE = Automatic;
				DEVELOPMENT_TEAM = EPWV8KDDJE;
				INFOPLIST_FILE = SingletonAudioManager/Info.plist;
				LD_RUNPATH_SEARCH_PATHS = (
					"$(inherited)",
					"@executable_path/Frameworks",
				);
				PRODUCT_BUNDLE_IDENTIFIER = com.LeeGwangYong.SingletonAudioManager;
				PRODUCT_NAME = "$(TARGET_NAME)";
				SWIFT_VERSION = 4.0;
				TARGETED_DEVICE_FAMILY = "1,2";
			};
			name = Debug;
		};
		FC087F7A2105DD0600EA091D /* Release */ = {
			isa = XCBuildConfiguration;
			baseConfigurationReference = 541EFC4E27B0012037974192 /* Pods-SingletonAudioManager.release.xcconfig */;
			buildSettings = {
				ASSETCATALOG_COMPILER_APPICON_NAME = AppIcon;
				CODE_SIGN_STYLE = Automatic;
				DEVELOPMENT_TEAM = EPWV8KDDJE;
				INFOPLIST_FILE = SingletonAudioManager/Info.plist;
				LD_RUNPATH_SEARCH_PATHS = (
					"$(inherited)",
					"@executable_path/Frameworks",
				);
				PRODUCT_BUNDLE_IDENTIFIER = com.LeeGwangYong.SingletonAudioManager;
				PRODUCT_NAME = "$(TARGET_NAME)";
				SWIFT_VERSION = 4.0;
				TARGETED_DEVICE_FAMILY = "1,2";
			};
			name = Release;
		};
/* End XCBuildConfiguration section */

/* Begin XCConfigurationList section */
		FC087F612105DD0500EA091D /* Build configuration list for PBXProject "SingletonAudioManager" */ = {
			isa = XCConfigurationList;
			buildConfigurations = (
				FC087F762105DD0600EA091D /* Debug */,
				FC087F772105DD0600EA091D /* Release */,
			);
			defaultConfigurationIsVisible = 0;
			defaultConfigurationName = Release;
		};
		FC087F782105DD0600EA091D /* Build configuration list for PBXNativeTarget "SingletonAudioManager" */ = {
			isa = XCConfigurationList;
			buildConfigurations = (
				FC087F792105DD0600EA091D /* Debug */,
				FC087F7A2105DD0600EA091D /* Release */,
			);
			defaultConfigurationIsVisible = 0;
			defaultConfigurationName = Release;
		};
/* End XCConfigurationList section */
	};
	rootObject = FC087F5E2105DD0500EA091D /* Project object */;
}
